
Microsoft Visual Studio Solution File, Format Version 12.00
# Visual Studio Version 17
VisualStudioVersion = 17.2.32630.192
MinimumVisualStudioVersion = 10.0.40219.1
Project("{9A19103F-16F7-4668-BE54-9A1E7A4F7556}") = "TimeWarp.Fixie", "source\TimeWarp.Fixie\TimeWarp.Fixie.csproj", "{D79004D2-F89A-4633-9F22-0A28FC79DEEA}"
EndProject
Project("{2150E333-8FDC-42A3-9474-1A3956D46DE8}") = "Scripts", "Scripts", "{C614DB57-ECC9-4D22-8200-B1EBA8DF7CC7}"
	ProjectSection(SolutionItems) = preProject
		publish.ps1 = publish.ps1
	EndProjectSection
EndProject
Global
	GlobalSection(SolutionConfigurationPlatforms) = preSolution
		Debug|Any CPU = Debug|Any CPU
		Release|Any CPU = Release|Any CPU
	EndGlobalSection
	GlobalSection(ProjectConfigurationPlatforms) = postSolution
		{D79004D2-F89A-4633-9F22-0A28FC79DEEA}.Debug|Any CPU.ActiveCfg = Debug|Any CPU
		{D79004D2-F89A-4633-9F22-0A28FC79DEEA}.Debug|Any CPU.Build.0 = Debug|Any CPU
		{D79004D2-F89A-4633-9F22-0A28FC79DEEA}.Release|Any CPU.ActiveCfg = Release|Any CPU
		{D79004D2-F89A-4633-9F22-0A28FC79DEEA}.Release|Any CPU.Build.0 = Release|Any CPU
	EndGlobalSection
	GlobalSection(SolutionProperties) = preSolution
		HideSolutionNode = FALSE
	EndGlobalSection
	GlobalSection(ExtensibilityGlobals) = postSolution
		SolutionGuid = {41ECECCC-4804-4280-90CC-E03CB30BCB69}
	EndGlobalSection
EndGlobal
